
Microsoft Visual Studio Solution File, Format Version 12.00
# Visual Studio Version 17
VisualStudioVersion = 17.11.35222.181
MinimumVisualStudioVersion = 10.0.40219.1
Project("{FAE04EC0-301F-11D3-BF4B-00C04F79EFBC}") = "ConsoleApp6", "ConsoleApp6\ConsoleApp6.csproj", "{013322BF-3F2C-4F86-9CF4-4B0266017C95}"
EndProject
Global
	GlobalSection(SolutionConfigurationPlatforms) = preSolution
		Debug|Any CPU = Debug|Any CPU
		Release|Any CPU = Release|Any CPU
	EndGlobalSection
	GlobalSection(ProjectConfigurationPlatforms) = postSolution
		{013322BF-3F2C-4F86-9CF4-4B0266017C95}.Debug|Any CPU.ActiveCfg = Debug|Any CPU
		{013322BF-3F2C-4F86-9CF4-4B0266017C95}.Debug|Any CPU.Build.0 = Debug|Any CPU
		{013322BF-3F2C-4F86-9CF4-4B0266017C95}.Release|Any CPU.ActiveCfg = Release|Any CPU
		{013322BF-3F2C-4F86-9CF4-4B0266017C95}.Release|Any CPU.Build.0 = Release|Any CPU
	EndGlobalSection
	GlobalSection(SolutionProperties) = preSolution
		HideSolutionNode = FALSE
	EndGlobalSection
	GlobalSection(ExtensibilityGlobals) = postSolution
		SolutionGuid = {1573C7A6-1756-4217-8C64-0E8B03A64AC2}
	EndGlobalSection
EndGlobal
